
Microsoft Visual Studio Solution File, Format Version 12.00
# Visual Studio 2013
VisualStudioVersion = 12.0.30501.0
MinimumVisualStudioVersion = 10.0.40219.1
Project("{FAE04EC0-301F-11D3-BF4B-00C04F79EFBC}") = "Jackal", "Jackal\Jackal.csproj", "{F09A6694-A08D-4C94-A6A2-9AF9FAA6AA6E}"
EndProject
Project("{FAE04EC0-301F-11D3-BF4B-00C04F79EFBC}") = "JackalHost", "JackalHost\JackalHost.csproj", "{C5859774-9403-40CE-945F-8527398E7D3F}"
EndProject
Project("{FAE04EC0-301F-11D3-BF4B-00C04F79EFBC}") = "JackalNetworkServer", "JackalNetworkServer\JackalNetworkServer.csproj", "{70DE35CE-B2B6-4A5E-AEC8-5A04D8FA598B}"
EndProject
Project("{FAE04EC0-301F-11D3-BF4B-00C04F79EFBC}") = "JackalNetworkClient", "JackalNetworkClient\JackalNetworkClient.csproj", "{6B1D1B43-8FBD-4F1C-95DC-E593C1EE163E}"
EndProject
Project("{FAE04EC0-301F-11D3-BF4B-00C04F79EFBC}") = "JackalNetwork", "JackalNetwork\JackalNetwork.csproj", "{4BF2DF9D-AE2C-4BA8-ADFD-2D2A7235E145}"
EndProject
Global
	GlobalSection(SolutionConfigurationPlatforms) = preSolution
		Debug|Any CPU = Debug|Any CPU
		Release|Any CPU = Release|Any CPU
	EndGlobalSection
	GlobalSection(ProjectConfigurationPlatforms) = postSolution
		{F09A6694-A08D-4C94-A6A2-9AF9FAA6AA6E}.Debug|Any CPU.ActiveCfg = Debug|Any CPU
		{F09A6694-A08D-4C94-A6A2-9AF9FAA6AA6E}.Debug|Any CPU.Build.0 = Debug|Any CPU
		{F09A6694-A08D-4C94-A6A2-9AF9FAA6AA6E}.Release|Any CPU.ActiveCfg = Release|Any CPU
		{F09A6694-A08D-4C94-A6A2-9AF9FAA6AA6E}.Release|Any CPU.Build.0 = Release|Any CPU
		{C5859774-9403-40CE-945F-8527398E7D3F}.Debug|Any CPU.ActiveCfg = Debug|Any CPU
		{C5859774-9403-40CE-945F-8527398E7D3F}.Debug|Any CPU.Build.0 = Debug|Any CPU
		{C5859774-9403-40CE-945F-8527398E7D3F}.Release|Any CPU.ActiveCfg = Release|Any CPU
		{C5859774-9403-40CE-945F-8527398E7D3F}.Release|Any CPU.Build.0 = Release|Any CPU
		{70DE35CE-B2B6-4A5E-AEC8-5A04D8FA598B}.Debug|Any CPU.ActiveCfg = Debug|Any CPU
		{70DE35CE-B2B6-4A5E-AEC8-5A04D8FA598B}.Debug|Any CPU.Build.0 = Debug|Any CPU
		{70DE35CE-B2B6-4A5E-AEC8-5A04D8FA598B}.Release|Any CPU.ActiveCfg = Release|Any CPU
		{70DE35CE-B2B6-4A5E-AEC8-5A04D8FA598B}.Release|Any CPU.Build.0 = Release|Any CPU
		{6B1D1B43-8FBD-4F1C-95DC-E593C1EE163E}.Debug|Any CPU.ActiveCfg = Debug|Any CPU
		{6B1D1B43-8FBD-4F1C-95DC-E593C1EE163E}.Debug|Any CPU.Build.0 = Debug|Any CPU
		{6B1D1B43-8FBD-4F1C-95DC-E593C1EE163E}.Release|Any CPU.ActiveCfg = Release|Any CPU
		{6B1D1B43-8FBD-4F1C-95DC-E593C1EE163E}.Release|Any CPU.Build.0 = Release|Any CPU
		{4BF2DF9D-AE2C-4BA8-ADFD-2D2A7235E145}.Debug|Any CPU.ActiveCfg = Debug|Any CPU
		{4BF2DF9D-AE2C-4BA8-ADFD-2D2A7235E145}.Debug|Any CPU.Build.0 = Debug|Any CPU
		{4BF2DF9D-AE2C-4BA8-ADFD-2D2A7235E145}.Release|Any CPU.ActiveCfg = Release|Any CPU
		{4BF2DF9D-AE2C-4BA8-ADFD-2D2A7235E145}.Release|Any CPU.Build.0 = Release|Any CPU
	EndGlobalSection
	GlobalSection(SolutionProperties) = preSolution
		HideSolutionNode = FALSE
	EndGlobalSection
EndGlobal
